
Microsoft Visual Studio Solution File, Format Version 12.00
# Visual Studio Version 16
VisualStudioVersion = 16.0.31624.102
MinimumVisualStudioVersion = 10.0.40219.1
Project("{9A19103F-16F7-4668-BE54-9A1E7A4F7556}") = "LoopAndRandomNumbers", "LoopAndRandomNumbers\LoopAndRandomNumbers.csproj", "{57229E9A-FD1B-45DA-A92E-98BE99BDF2B3}"
EndProject
Project("{FAE04EC0-301F-11D3-BF4B-00C04F79EFBC}") = "PINInfiniteLoop", "PINInfiniteLoop\PINInfiniteLoop.csproj", "{6B08BF3D-D5F5-4D9A-B8CF-234E1B1A1E4B}"
EndProject
Project("{FAE04EC0-301F-11D3-BF4B-00C04F79EFBC}") = "RandomNumber", "RandomNumber\RandomNumber.csproj", "{6EE7CA8D-31C5-4251-B7E9-EC15D6904E03}"
EndProject
Project("{FAE04EC0-301F-11D3-BF4B-00C04F79EFBC}") = "GuessingGameInfinite", "GuessingGameInfinite\GuessingGameInfinite.csproj", "{9645C83B-48F1-421A-BD24-BB59D4709653}"
EndProject
Project("{FAE04EC0-301F-11D3-BF4B-00C04F79EFBC}") = "GuessingGameThreeTries", "GuessingGameThreeTries\GuessingGameThreeTries.csproj", "{D53887AF-160F-4D3A-94D6-14BC7AE614EC}"
EndProject
Global
	GlobalSection(SolutionConfigurationPlatforms) = preSolution
		Debug|Any CPU = Debug|Any CPU
		Release|Any CPU = Release|Any CPU
	EndGlobalSection
	GlobalSection(ProjectConfigurationPlatforms) = postSolution
		{57229E9A-FD1B-45DA-A92E-98BE99BDF2B3}.Debug|Any CPU.ActiveCfg = Debug|Any CPU
		{57229E9A-FD1B-45DA-A92E-98BE99BDF2B3}.Debug|Any CPU.Build.0 = Debug|Any CPU
		{57229E9A-FD1B-45DA-A92E-98BE99BDF2B3}.Release|Any CPU.ActiveCfg = Release|Any CPU
		{57229E9A-FD1B-45DA-A92E-98BE99BDF2B3}.Release|Any CPU.Build.0 = Release|Any CPU
		{6B08BF3D-D5F5-4D9A-B8CF-234E1B1A1E4B}.Debug|Any CPU.ActiveCfg = Debug|Any CPU
		{6B08BF3D-D5F5-4D9A-B8CF-234E1B1A1E4B}.Debug|Any CPU.Build.0 = Debug|Any CPU
		{6B08BF3D-D5F5-4D9A-B8CF-234E1B1A1E4B}.Release|Any CPU.ActiveCfg = Release|Any CPU
		{6B08BF3D-D5F5-4D9A-B8CF-234E1B1A1E4B}.Release|Any CPU.Build.0 = Release|Any CPU
		{6EE7CA8D-31C5-4251-B7E9-EC15D6904E03}.Debug|Any CPU.ActiveCfg = Debug|Any CPU
		{6EE7CA8D-31C5-4251-B7E9-EC15D6904E03}.Debug|Any CPU.Build.0 = Debug|Any CPU
		{6EE7CA8D-31C5-4251-B7E9-EC15D6904E03}.Release|Any CPU.ActiveCfg = Release|Any CPU
		{6EE7CA8D-31C5-4251-B7E9-EC15D6904E03}.Release|Any CPU.Build.0 = Release|Any CPU
		{9645C83B-48F1-421A-BD24-BB59D4709653}.Debug|Any CPU.ActiveCfg = Debug|Any CPU
		{9645C83B-48F1-421A-BD24-BB59D4709653}.Debug|Any CPU.Build.0 = Debug|Any CPU
		{9645C83B-48F1-421A-BD24-BB59D4709653}.Release|Any CPU.ActiveCfg = Release|Any CPU
		{9645C83B-48F1-421A-BD24-BB59D4709653}.Release|Any CPU.Build.0 = Release|Any CPU
		{D53887AF-160F-4D3A-94D6-14BC7AE614EC}.Debug|Any CPU.ActiveCfg = Debug|Any CPU
		{D53887AF-160F-4D3A-94D6-14BC7AE614EC}.Debug|Any CPU.Build.0 = Debug|Any CPU
		{D53887AF-160F-4D3A-94D6-14BC7AE614EC}.Release|Any CPU.ActiveCfg = Release|Any CPU
		{D53887AF-160F-4D3A-94D6-14BC7AE614EC}.Release|Any CPU.Build.0 = Release|Any CPU
	EndGlobalSection
	GlobalSection(SolutionProperties) = preSolution
		HideSolutionNode = FALSE
	EndGlobalSection
	GlobalSection(ExtensibilityGlobals) = postSolution
		SolutionGuid = {EF1D4895-FC67-4440-A57A-59870EF375BB}
	EndGlobalSection
EndGlobal
